
Microsoft Visual Studio Solution File, Format Version 12.00
# Visual Studio 15
VisualStudioVersion = 15.0.28307.136
MinimumVisualStudioVersion = 10.0.40219.1
Project("{FAE04EC0-301F-11D3-BF4B-00C04F79EFBC}") = "A01CEP.Android", "A01CEP\A01CEP.Android\A01CEP.Android.csproj", "{F1490640-8587-476A-902D-5CBA90C3F080}"
EndProject
Project("{FAE04EC0-301F-11D3-BF4B-00C04F79EFBC}") = "A01CEP.iOS", "A01CEP\A01CEP.iOS\A01CEP.iOS.csproj", "{B1FE2244-7E46-4E46-AA16-6212CD139D7A}"
EndProject
Project("{FAE04EC0-301F-11D3-BF4B-00C04F79EFBC}") = "A01CEP.UWP", "A01CEP\A01CEP.UWP\A01CEP.UWP.csproj", "{C7B64F85-FAEC-443C-8BC9-7F92AE4B13E7}"
EndProject
Project("{FAE04EC0-301F-11D3-BF4B-00C04F79EFBC}") = "A01CEP", "A01CEP\A01CEP\A01CEP.csproj", "{6FDE515F-6577-4664-8D10-3C8C3513D144}"
EndProject
Global
	GlobalSection(SolutionConfigurationPlatforms) = preSolution
		Ad-Hoc|Any CPU = Ad-Hoc|Any CPU
		Ad-Hoc|ARM = Ad-Hoc|ARM
		Ad-Hoc|iPhone = Ad-Hoc|iPhone
		Ad-Hoc|iPhoneSimulator = Ad-Hoc|iPhoneSimulator
		Ad-Hoc|x64 = Ad-Hoc|x64
		Ad-Hoc|x86 = Ad-Hoc|x86
		AppStore|Any CPU = AppStore|Any CPU
		AppStore|ARM = AppStore|ARM
		AppStore|iPhone = AppStore|iPhone
		AppStore|iPhoneSimulator = AppStore|iPhoneSimulator
		AppStore|x64 = AppStore|x64
		AppStore|x86 = AppStore|x86
		Debug|Any CPU = Debug|Any CPU
		Debug|ARM = Debug|ARM
		Debug|iPhone = Debug|iPhone
		Debug|iPhoneSimulator = Debug|iPhoneSimulator
		Debug|x64 = Debug|x64
		Debug|x86 = Debug|x86
		Release|Any CPU = Release|Any CPU
		Release|ARM = Release|ARM
		Release|iPhone = Release|iPhone
		Release|iPhoneSimulator = Release|iPhoneSimulator
		Release|x64 = Release|x64
		Release|x86 = Release|x86
	EndGlobalSection
	GlobalSection(ProjectConfigurationPlatforms) = postSolution
		{F1490640-8587-476A-902D-5CBA90C3F080}.Ad-Hoc|Any CPU.ActiveCfg = Release|Any CPU
		{F1490640-8587-476A-902D-5CBA90C3F080}.Ad-Hoc|Any CPU.Build.0 = Release|Any CPU
		{F1490640-8587-476A-902D-5CBA90C3F080}.Ad-Hoc|Any CPU.Deploy.0 = Release|Any CPU
		{F1490640-8587-476A-902D-5CBA90C3F080}.Ad-Hoc|ARM.ActiveCfg = Release|Any CPU
		{F1490640-8587-476A-902D-5CBA90C3F080}.Ad-Hoc|ARM.Build.0 = Release|Any CPU
		{F1490640-8587-476A-902D-5CBA90C3F080}.Ad-Hoc|ARM.Deploy.0 = Release|Any CPU
		{F1490640-8587-476A-902D-5CBA90C3F080}.Ad-Hoc|iPhone.ActiveCfg = Release|Any CPU
		{F1490640-8587-476A-902D-5CBA90C3F080}.Ad-Hoc|iPhone.Build.0 = Release|Any CPU
		{F1490640-8587-476A-902D-5CBA90C3F080}.Ad-Hoc|iPhone.Deploy.0 = Release|Any CPU
		{F1490640-8587-476A-902D-5CBA90C3F080}.Ad-Hoc|iPhoneSimulator.ActiveCfg = Release|Any CPU
		{F1490640-8587-476A-902D-5CBA90C3F080}.Ad-Hoc|iPhoneSimulator.Build.0 = Release|Any CPU
		{F1490640-8587-476A-902D-5CBA90C3F080}.Ad-Hoc|iPhoneSimulator.Deploy.0 = Release|Any CPU
		{F1490640-8587-476A-902D-5CBA90C3F080}.Ad-Hoc|x64.ActiveCfg = Release|Any CPU
		{F1490640-8587-476A-902D-5CBA90C3F080}.Ad-Hoc|x64.Build.0 = Release|Any CPU
		{F1490640-8587-476A-902D-5CBA90C3F080}.Ad-Hoc|x64.Deploy.0 = Release|Any CPU
		{F1490640-8587-476A-902D-5CBA90C3F080}.Ad-Hoc|x86.ActiveCfg = Release|Any CPU
		{F1490640-8587-476A-902D-5CBA90C3F080}.Ad-Hoc|x86.Build.0 = Release|Any CPU
		{F1490640-8587-476A-902D-5CBA90C3F080}.Ad-Hoc|x86.Deploy.0 = Release|Any CPU
		{F1490640-8587-476A-902D-5CBA90C3F080}.AppStore|Any CPU.ActiveCfg = Release|Any CPU
		{F1490640-8587-476A-902D-5CBA90C3F080}.AppStore|Any CPU.Build.0 = Release|Any CPU
		{F1490640-8587-476A-902D-5CBA90C3F080}.AppStore|Any CPU.Deploy.0 = Release|Any CPU
		{F1490640-8587-476A-902D-5CBA90C3F080}.AppStore|ARM.ActiveCfg = Release|Any CPU
		{F1490640-8587-476A-902D-5CBA90C3F080}.AppStore|ARM.Build.0 = Release|Any CPU
		{F1490640-8587-476A-902D-5CBA90C3F080}.AppStore|ARM.Deploy.0 = Release|Any CPU
		{F1490640-8587-476A-902D-5CBA90C3F080}.AppStore|iPhone.ActiveCfg = Release|Any CPU
		{F1490640-8587-476A-902D-5CBA90C3F080}.AppStore|iPhone.Build.0 = Release|Any CPU
		{F1490640-8587-476A-902D-5CBA90C3F080}.AppStore|iPhone.Deploy.0 = Release|Any CPU
		{F1490640-8587-476A-902D-5CBA90C3F080}.AppStore|iPhoneSimulator.ActiveCfg = Release|Any CPU
		{F1490640-8587-476A-902D-5CBA90C3F080}.AppStore|iPhoneSimulator.Build.0 = Release|Any CPU
		{F1490640-8587-476A-902D-5CBA90C3F080}.AppStore|iPhoneSimulator.Deploy.0 = Release|Any CPU
		{F1490640-8587-476A-902D-5CBA90C3F080}.AppStore|x64.ActiveCfg = Release|Any CPU
		{F1490640-8587-476A-902D-5CBA90C3F080}.AppStore|x64.Build.0 = Release|Any CPU
		{F1490640-8587-476A-902D-5CBA90C3F080}.AppStore|x64.Deploy.0 = Release|Any CPU
		{F1490640-8587-476A-902D-5CBA90C3F080}.AppStore|x86.ActiveCfg = Release|Any CPU
		{F1490640-8587-476A-902D-5CBA90C3F080}.AppStore|x86.Build.0 = Release|Any CPU
		{F1490640-8587-476A-902D-5CBA90C3F080}.AppStore|x86.Deploy.0 = Release|Any CPU
		{F1490640-8587-476A-902D-5CBA90C3F080}.Debug|Any CPU.ActiveCfg = Debug|Any CPU
		{F1490640-8587-476A-902D-5CBA90C3F080}.Debug|Any CPU.Build.0 = Debug|Any CPU
		{F1490640-8587-476A-902D-5CBA90C3F080}.Debug|Any CPU.Deploy.0 = Debug|Any CPU
		{F1490640-8587-476A-902D-5CBA90C3F080}.Debug|ARM.ActiveCfg = Debug|Any CPU
		{F1490640-8587-476A-902D-5CBA90C3F080}.Debug|ARM.Build.0 = Debug|Any CPU
		{F1490640-8587-476A-902D-5CBA90C3F080}.Debug|ARM.Deploy.0 = Debug|Any CPU
		{F1490640-8587-476A-902D-5CBA90C3F080}.Debug|iPhone.ActiveCfg = Debug|Any CPU
		{F1490640-8587-476A-902D-5CBA90C3F080}.Debug|iPhone.Build.0 = Debug|Any CPU
		{F1490640-8587-476A-902D-5CBA90C3F080}.Debug|iPhone.Deploy.0 = Debug|Any CPU
		{F1490640-8587-476A-902D-5CBA90C3F080}.Debug|iPhoneSimulator.ActiveCfg = Debug|Any CPU
		{F1490640-8587-476A-902D-5CBA90C3F080}.Debug|iPhoneSimulator.Build.0 = Debug|Any CPU
		{F1490640-8587-476A-902D-5CBA90C3F080}.Debug|iPhoneSimulator.Deploy.0 = Debug|Any CPU
		{F1490640-8587-476A-902D-5CBA90C3F080}.Debug|x64.ActiveCfg = Debug|Any CPU
		{F1490640-8587-476A-902D-5CBA90C3F080}.Debug|x64.Build.0 = Debug|Any CPU
		{F1490640-8587-476A-902D-5CBA90C3F080}.Debug|x64.Deploy.0 = Debug|Any CPU
		{F1490640-8587-476A-902D-5CBA90C3F080}.Debug|x86.ActiveCfg = Debug|Any CPU
		{F1490640-8587-476A-902D-5CBA90C3F080}.Debug|x86.Build.0 = Debug|Any CPU
		{F1490640-8587-476A-902D-5CBA90C3F080}.Debug|x86.Deploy.0 = Debug|Any CPU
		{F1490640-8587-476A-902D-5CBA90C3F080}.Release|Any CPU.ActiveCfg = Release|Any CPU
		{F1490640-8587-476A-902D-5CBA90C3F080}.Release|Any CPU.Build.0 = Release|Any CPU
		{F1490640-8587-476A-902D-5CBA90C3F080}.Release|Any CPU.Deploy.0 = Release|Any CPU
		{F1490640-8587-476A-902D-5CBA90C3F080}.Release|ARM.ActiveCfg = Release|Any CPU
		{F1490640-8587-476A-902D-5CBA90C3F080}.Release|ARM.Build.0 = Release|Any CPU
		{F1490640-8587-476A-902D-5CBA90C3F080}.Release|ARM.Deploy.0 = Release|Any CPU
		{F1490640-8587-476A-902D-5CBA90C3F080}.Release|iPhone.ActiveCfg = Release|Any CPU
		{F1490640-8587-476A-902D-5CBA90C3F080}.Release|iPhone.Build.0 = Release|Any CPU
		{F1490640-8587-476A-902D-5CBA90C3F080}.Release|iPhone.Deploy.0 = Release|Any CPU
		{F1490640-8587-476A-902D-5CBA90C3F080}.Release|iPhoneSimulator.ActiveCfg = Release|Any CPU
		{F1490640-8587-476A-902D-5CBA90C3F080}.Release|iPhoneSimulator.Build.0 = Release|Any CPU
		{F1490640-8587-476A-902D-5CBA90C3F080}.Release|iPhoneSimulator.Deploy.0 = Release|Any CPU
		{F1490640-8587-476A-902D-5CBA90C3F080}.Release|x64.ActiveCfg = Release|Any CPU
		{F1490640-8587-476A-902D-5CBA90C3F080}.Release|x64.Build.0 = Release|Any CPU
		{F1490640-8587-476A-902D-5CBA90C3F080}.Release|x64.Deploy.0 = Release|Any CPU
		{F1490640-8587-476A-902D-5CBA90C3F080}.Release|x86.ActiveCfg = Release|Any CPU
		{F1490640-8587-476A-902D-5CBA90C3F080}.Release|x86.Build.0 = Release|Any CPU
		{F1490640-8587-476A-902D-5CBA90C3F080}.Release|x86.Deploy.0 = Release|Any CPU
		{B1FE2244-7E46-4E46-AA16-6212CD139D7A}.Ad-Hoc|Any CPU.ActiveCfg = Ad-Hoc|iPhone
		{B1FE2244-7E46-4E46-AA16-6212CD139D7A}.Ad-Hoc|Any CPU.Build.0 = Ad-Hoc|iPhone
		{B1FE2244-7E46-4E46-AA16-6212CD139D7A}.Ad-Hoc|Any CPU.Deploy.0 = Ad-Hoc|iPhone
		{B1FE2244-7E46-4E46-AA16-6212CD139D7A}.Ad-Hoc|ARM.ActiveCfg = Ad-Hoc|iPhone
		{B1FE2244-7E46-4E46-AA16-6212CD139D7A}.Ad-Hoc|ARM.Build.0 = Ad-Hoc|iPhone
		{B1FE2244-7E46-4E46-AA16-6212CD139D7A}.Ad-Hoc|ARM.Deploy.0 = Ad-Hoc|iPhone
		{B1FE2244-7E46-4E46-AA16-6212CD139D7A}.Ad-Hoc|iPhone.ActiveCfg = Ad-Hoc|iPhone
		{B1FE2244-7E46-4E46-AA16-6212CD139D7A}.Ad-Hoc|iPhone.Build.0 = Ad-Hoc|iPhone
		{B1FE2244-7E46-4E46-AA16-6212CD139D7A}.Ad-Hoc|iPhone.Deploy.0 = Ad-Hoc|iPhone
		{B1FE2244-7E46-4E46-AA16-6212CD139D7A}.Ad-Hoc|iPhoneSimulator.ActiveCfg = Ad-Hoc|iPhoneSimulator
		{B1FE2244-7E46-4E46-AA16-6212CD139D7A}.Ad-Hoc|iPhoneSimulator.Build.0 = Ad-Hoc|iPhoneSimulator
		{B1FE2244-7E46-4E46-AA16-6212CD139D7A}.Ad-Hoc|iPhoneSimulator.Deploy.0 = Ad-Hoc|iPhoneSimulator
		{B1FE2244-7E46-4E46-AA16-6212CD139D7A}.Ad-Hoc|x64.ActiveCfg = Ad-Hoc|iPhone
		{B1FE2244-7E46-4E46-AA16-6212CD139D7A}.Ad-Hoc|x64.Build.0 = Ad-Hoc|iPhone
		{B1FE2244-7E46-4E46-AA16-6212CD139D7A}.Ad-Hoc|x64.Deploy.0 = Ad-Hoc|iPhone
		{B1FE2244-7E46-4E46-AA16-6212CD139D7A}.Ad-Hoc|x86.ActiveCfg = Ad-Hoc|iPhone
		{B1FE2244-7E46-4E46-AA16-6212CD139D7A}.Ad-Hoc|x86.Build.0 = Ad-Hoc|iPhone
		{B1FE2244-7E46-4E46-AA16-6212CD139D7A}.Ad-Hoc|x86.Deploy.0 = Ad-Hoc|iPhone
		{B1FE2244-7E46-4E46-AA16-6212CD139D7A}.AppStore|Any CPU.ActiveCfg = AppStore|iPhone
		{B1FE2244-7E46-4E46-AA16-6212CD139D7A}.AppStore|Any CPU.Build.0 = AppStore|iPhone
		{B1FE2244-7E46-4E46-AA16-6212CD139D7A}.AppStore|Any CPU.Deploy.0 = AppStore|iPhone
		{B1FE2244-7E46-4E46-AA16-6212CD139D7A}.AppStore|ARM.ActiveCfg = AppStore|iPhone
		{B1FE2244-7E46-4E46-AA16-6212CD139D7A}.AppStore|ARM.Build.0 = AppStore|iPhone
		{B1FE2244-7E46-4E46-AA16-6212CD139D7A}.AppStore|ARM.Deploy.0 = AppStore|iPhone
		{B1FE2244-7E46-4E46-AA16-6212CD139D7A}.AppStore|iPhone.ActiveCfg = AppStore|iPhone
		{B1FE2244-7E46-4E46-AA16-6212CD139D7A}.AppStore|iPhone.Build.0 = AppStore|iPhone
		{B1FE2244-7E46-4E46-AA16-6212CD139D7A}.AppStore|iPhone.Deploy.0 = AppStore|iPhone
		{B1FE2244-7E46-4E46-AA16-6212CD139D7A}.AppStore|iPhoneSimulator.ActiveCfg = AppStore|iPhoneSimulator
		{B1FE2244-7E46-4E46-AA16-6212CD139D7A}.AppStore|iPhoneSimulator.Build.0 = AppStore|iPhoneSimulator
		{B1FE2244-7E46-4E46-AA16-6212CD139D7A}.AppStore|iPhoneSimulator.Deploy.0 = AppStore|iPhoneSimulator
		{B1FE2244-7E46-4E46-AA16-6212CD139D7A}.AppStore|x64.ActiveCfg = AppStore|iPhone
		{B1FE2244-7E46-4E46-AA16-6212CD139D7A}.AppStore|x64.Build.0 = AppStore|iPhone
		{B1FE2244-7E46-4E46-AA16-6212CD139D7A}.AppStore|x64.Deploy.0 = AppStore|iPhone
		{B1FE2244-7E46-4E46-AA16-6212CD139D7A}.AppStore|x86.ActiveCfg = AppStore|iPhone
		{B1FE2244-7E46-4E46-AA16-6212CD139D7A}.AppStore|x86.Build.0 = AppStore|iPhone
		{B1FE2244-7E46-4E46-AA16-6212CD139D7A}.AppStore|x86.Deploy.0 = AppStore|iPhone
		{B1FE2244-7E46-4E46-AA16-6212CD139D7A}.Debug|Any CPU.ActiveCfg = Debug|iPhoneSimulator
		{B1FE2244-7E46-4E46-AA16-6212CD139D7A}.Debug|Any CPU.Build.0 = Debug|iPhoneSimulator
		{B1FE2244-7E46-4E46-AA16-6212CD139D7A}.Debug|Any CPU.Deploy.0 = Debug|iPhoneSimulator
		{B1FE2244-7E46-4E46-AA16-6212CD139D7A}.Debug|ARM.ActiveCfg = Debug|iPhone
		{B1FE2244-7E46-4E46-AA16-6212CD139D7A}.Debug|ARM.Build.0 = Debug|iPhone
		{B1FE2244-7E46-4E46-AA16-6212CD139D7A}.Debug|ARM.Deploy.0 = Debug|iPhone
		{B1FE2244-7E46-4E46-AA16-6212CD139D7A}.Debug|iPhone.ActiveCfg = Debug|iPhone
		{B1FE2244-7E46-4E46-AA16-6212CD139D7A}.Debug|iPhone.Build.0 = Debug|iPhone
		{B1FE2244-7E46-4E46-AA16-6212CD139D7A}.Debug|iPhone.Deploy.0 = Debug|iPhone
		{B1FE2244-7E46-4E46-AA16-6212CD139D7A}.Debug|iPhoneSimulator.ActiveCfg = Debug|iPhoneSimulator
		{B1FE2244-7E46-4E46-AA16-6212CD139D7A}.Debug|iPhoneSimulator.Build.0 = Debug|iPhoneSimulator
		{B1FE2244-7E46-4E46-AA16-6212CD139D7A}.Debug|iPhoneSimulator.Deploy.0 = Debug|iPhoneSimulator
		{B1FE2244-7E46-4E46-AA16-6212CD139D7A}.Debug|x64.ActiveCfg = Debug|iPhone
		{B1FE2244-7E46-4E46-AA16-6212CD139D7A}.Debug|x64.Build.0 = Debug|iPhone
		{B1FE2244-7E46-4E46-AA16-6212CD139D7A}.Debug|x64.Deploy.0 = Debug|iPhone
		{B1FE2244-7E46-4E46-AA16-6212CD139D7A}.Debug|x86.ActiveCfg = Debug|iPhone
		{B1FE2244-7E46-4E46-AA16-6212CD139D7A}.Debug|x86.Build.0 = Debug|iPhone
		{B1FE2244-7E46-4E46-AA16-6212CD139D7A}.Debug|x86.Deploy.0 = Debug|iPhone
		{B1FE2244-7E46-4E46-AA16-6212CD139D7A}.Release|Any CPU.ActiveCfg = Release|iPhone
		{B1FE2244-7E46-4E46-AA16-6212CD139D7A}.Release|Any CPU.Build.0 = Release|iPhone
		{B1FE2244-7E46-4E46-AA16-6212CD139D7A}.Release|Any CPU.Deploy.0 = Release|iPhone
		{B1FE2244-7E46-4E46-AA16-6212CD139D7A}.Release|ARM.ActiveCfg = Release|iPhone
		{B1FE2244-7E46-4E46-AA16-6212CD139D7A}.Release|ARM.Build.0 = Release|iPhone
		{B1FE2244-7E46-4E46-AA16-6212CD139D7A}.Release|ARM.Deploy.0 = Release|iPhone
		{B1FE2244-7E46-4E46-AA16-6212CD139D7A}.Release|iPhone.ActiveCfg = Release|iPhone
		{B1FE2244-7E46-4E46-AA16-6212CD139D7A}.Release|iPhone.Build.0 = Release|iPhone
		{B1FE2244-7E46-4E46-AA16-6212CD139D7A}.Release|iPhone.Deploy.0 = Release|iPhone
		{B1FE2244-7E46-4E46-AA16-6212CD139D7A}.Release|iPhoneSimulator.ActiveCfg = Release|iPhoneSimulator
		{B1FE2244-7E46-4E46-AA16-6212CD139D7A}.Release|iPhoneSimulator.Build.0 = Release|iPhoneSimulator
		{B1FE2244-7E46-4E46-AA16-6212CD139D7A}.Release|iPhoneSimulator.Deploy.0 = Release|iPhoneSimulator
		{B1FE2244-7E46-4E46-AA16-6212CD139D7A}.Release|x64.ActiveCfg = Release|iPhone
		{B1FE2244-7E46-4E46-AA16-6212CD139D7A}.Release|x64.Build.0 = Release|iPhone
		{B1FE2244-7E46-4E46-AA16-6212CD139D7A}.Release|x64.Deploy.0 = Release|iPhone
		{B1FE2244-7E46-4E46-AA16-6212CD139D7A}.Release|x86.ActiveCfg = Release|iPhone
		{B1FE2244-7E46-4E46-AA16-6212CD139D7A}.Release|x86.Build.0 = Release|iPhone
		{B1FE2244-7E46-4E46-AA16-6212CD139D7A}.Release|x86.Deploy.0 = Release|iPhone
		{C7B64F85-FAEC-443C-8BC9-7F92AE4B13E7}.Ad-Hoc|Any CPU.ActiveCfg = Release|x86
		{C7B64F85-FAEC-443C-8BC9-7F92AE4B13E7}.Ad-Hoc|Any CPU.Build.0 = Release|x86
		{C7B64F85-FAEC-443C-8BC9-7F92AE4B13E7}.Ad-Hoc|Any CPU.Deploy.0 = Release|x86
		{C7B64F85-FAEC-443C-8BC9-7F92AE4B13E7}.Ad-Hoc|ARM.ActiveCfg = Release|ARM
		{C7B64F85-FAEC-443C-8BC9-7F92AE4B13E7}.Ad-Hoc|ARM.Build.0 = Release|ARM
		{C7B64F85-FAEC-443C-8BC9-7F92AE4B13E7}.Ad-Hoc|ARM.Deploy.0 = Release|ARM
		{C7B64F85-FAEC-443C-8BC9-7F92AE4B13E7}.Ad-Hoc|iPhone.ActiveCfg = Release|x86
		{C7B64F85-FAEC-443C-8BC9-7F92AE4B13E7}.Ad-Hoc|iPhone.Build.0 = Release|x86
		{C7B64F85-FAEC-443C-8BC9-7F92AE4B13E7}.Ad-Hoc|iPhone.Deploy.0 = Release|x86
		{C7B64F85-FAEC-443C-8BC9-7F92AE4B13E7}.Ad-Hoc|iPhoneSimulator.ActiveCfg = Release|x86
		{C7B64F85-FAEC-443C-8BC9-7F92AE4B13E7}.Ad-Hoc|iPhoneSimulator.Build.0 = Release|x86
		{C7B64F85-FAEC-443C-8BC9-7F92AE4B13E7}.Ad-Hoc|iPhoneSimulator.Deploy.0 = Release|x86
		{C7B64F85-FAEC-443C-8BC9-7F92AE4B13E7}.Ad-Hoc|x64.ActiveCfg = Release|x64
		{C7B64F85-FAEC-443C-8BC9-7F92AE4B13E7}.Ad-Hoc|x64.Build.0 = Release|x64
		{C7B64F85-FAEC-443C-8BC9-7F92AE4B13E7}.Ad-Hoc|x64.Deploy.0 = Release|x64
		{C7B64F85-FAEC-443C-8BC9-7F92AE4B13E7}.Ad-Hoc|x86.ActiveCfg = Release|x86
		{C7B64F85-FAEC-443C-8BC9-7F92AE4B13E7}.Ad-Hoc|x86.Build.0 = Release|x86
		{C7B64F85-FAEC-443C-8BC9-7F92AE4B13E7}.Ad-Hoc|x86.Deploy.0 = Release|x86
		{C7B64F85-FAEC-443C-8BC9-7F92AE4B13E7}.AppStore|Any CPU.ActiveCfg = Release|x86
		{C7B64F85-FAEC-443C-8BC9-7F92AE4B13E7}.AppStore|Any CPU.Build.0 = Release|x86
		{C7B64F85-FAEC-443C-8BC9-7F92AE4B13E7}.AppStore|Any CPU.Deploy.0 = Release|x86
		{C7B64F85-FAEC-443C-8BC9-7F92AE4B13E7}.AppStore|ARM.ActiveCfg = Release|ARM
		{C7B64F85-FAEC-443C-8BC9-7F92AE4B13E7}.AppStore|ARM.Build.0 = Release|ARM
		{C7B64F85-FAEC-443C-8BC9-7F92AE4B13E7}.AppStore|ARM.Deploy.0 = Release|ARM
		{C7B64F85-FAEC-443C-8BC9-7F92AE4B13E7}.AppStore|iPhone.ActiveCfg = Release|x86
		{C7B64F85-FAEC-443C-8BC9-7F92AE4B13E7}.AppStore|iPhone.Build.0 = Release|x86
		{C7B64F85-FAEC-443C-8BC9-7F92AE4B13E7}.AppStore|iPhone.Deploy.0 = Release|x86
		{C7B64F85-FAEC-443C-8BC9-7F92AE4B13E7}.AppStore|iPhoneSimulator.ActiveCfg = Release|x86
		{C7B64F85-FAEC-443C-8BC9-7F92AE4B13E7}.AppStore|iPhoneSimulator.Build.0 = Release|x86
		{C7B64F85-FAEC-443C-8BC9-7F92AE4B13E7}.AppStore|iPhoneSimulator.Deploy.0 = Release|x86
		{C7B64F85-FAEC-443C-8BC9-7F92AE4B13E7}.AppStore|x64.ActiveCfg = Release|x64
		{C7B64F85-FAEC-443C-8BC9-7F92AE4B13E7}.AppStore|x64.Build.0 = Release|x64
		{C7B64F85-FAEC-443C-8BC9-7F92AE4B13E7}.AppStore|x64.Deploy.0 = Release|x64
		{C7B64F85-FAEC-443C-8BC9-7F92AE4B13E7}.AppStore|x86.ActiveCfg = Release|x86
		{C7B64F85-FAEC-443C-8BC9-7F92AE4B13E7}.AppStore|x86.Build.0 = Release|x86
		{C7B64F85-FAEC-443C-8BC9-7F92AE4B13E7}.AppStore|x86.Deploy.0 = Release|x86
		{C7B64F85-FAEC-443C-8BC9-7F92AE4B13E7}.Debug|Any CPU.ActiveCfg = Debug|x86
		{C7B64F85-FAEC-443C-8BC9-7F92AE4B13E7}.Debug|Any CPU.Build.0 = Debug|x86
		{C7B64F85-FAEC-443C-8BC9-7F92AE4B13E7}.Debug|Any CPU.Deploy.0 = Debug|x86
		{C7B64F85-FAEC-443C-8BC9-7F92AE4B13E7}.Debug|ARM.ActiveCfg = Debug|ARM
		{C7B64F85-FAEC-443C-8BC9-7F92AE4B13E7}.Debug|ARM.Build.0 = Debug|ARM
		{C7B64F85-FAEC-443C-8BC9-7F92AE4B13E7}.Debug|ARM.Deploy.0 = Debug|ARM
		{C7B64F85-FAEC-443C-8BC9-7F92AE4B13E7}.Debug|iPhone.ActiveCfg = Debug|x86
		{C7B64F85-FAEC-443C-8BC9-7F92AE4B13E7}.Debug|iPhone.Build.0 = Debug|x86
		{C7B64F85-FAEC-443C-8BC9-7F92AE4B13E7}.Debug|iPhone.Deploy.0 = Debug|x86
		{C7B64F85-FAEC-443C-8BC9-7F92AE4B13E7}.Debug|iPhoneSimulator.ActiveCfg = Debug|x86
		{C7B64F85-FAEC-443C-8BC9-7F92AE4B13E7}.Debug|iPhoneSimulator.Build.0 = Debug|x86
		{C7B64F85-FAEC-443C-8BC9-7F92AE4B13E7}.Debug|iPhoneSimulator.Deploy.0 = Debug|x86
		{C7B64F85-FAEC-443C-8BC9-7F92AE4B13E7}.Debug|x64.ActiveCfg = Debug|x64
		{C7B64F85-FAEC-443C-8BC9-7F92AE4B13E7}.Debug|x64.Build.0 = Debug|x64
		{C7B64F85-FAEC-443C-8BC9-7F92AE4B13E7}.Debug|x64.Deploy.0 = Debug|x64
		{C7B64F85-FAEC-443C-8BC9-7F92AE4B13E7}.Debug|x86.ActiveCfg = Debug|x86
		{C7B64F85-FAEC-443C-8BC9-7F92AE4B13E7}.Debug|x86.Build.0 = Debug|x86
		{C7B64F85-FAEC-443C-8BC9-7F92AE4B13E7}.Debug|x86.Deploy.0 = Debug|x86
		{C7B64F85-FAEC-443C-8BC9-7F92AE4B13E7}.Release|Any CPU.ActiveCfg = Release|x86
		{C7B64F85-FAEC-443C-8BC9-7F92AE4B13E7}.Release|Any CPU.Build.0 = Release|x86
		{C7B64F85-FAEC-443C-8BC9-7F92AE4B13E7}.Release|Any CPU.Deploy.0 = Release|x86
		{C7B64F85-FAEC-443C-8BC9-7F92AE4B13E7}.Release|ARM.ActiveCfg = Release|ARM
		{C7B64F85-FAEC-443C-8BC9-7F92AE4B13E7}.Release|ARM.Build.0 = Release|ARM
		{C7B64F85-FAEC-443C-8BC9-7F92AE4B13E7}.Release|ARM.Deploy.0 = Release|ARM
		{C7B64F85-FAEC-443C-8BC9-7F92AE4B13E7}.Release|iPhone.ActiveCfg = Release|x86
		{C7B64F85-FAEC-443C-8BC9-7F92AE4B13E7}.Release|iPhone.Build.0 = Release|x86
		{C7B64F85-FAEC-443C-8BC9-7F92AE4B13E7}.Release|iPhone.Deploy.0 = Release|x86
		{C7B64F85-FAEC-443C-8BC9-7F92AE4B13E7}.Release|iPhoneSimulator.ActiveCfg = Release|x86
		{C7B64F85-FAEC-443C-8BC9-7F92AE4B13E7}.Release|iPhoneSimulator.Build.0 = Release|x86
		{C7B64F85-FAEC-443C-8BC9-7F92AE4B13E7}.Release|iPhoneSimulator.Deploy.0 = Release|x86
		{C7B64F85-FAEC-443C-8BC9-7F92AE4B13E7}.Release|x64.ActiveCfg = Release|x64
		{C7B64F85-FAEC-443C-8BC9-7F92AE4B13E7}.Release|x64.Build.0 = Release|x64
		{C7B64F85-FAEC-443C-8BC9-7F92AE4B13E7}.Release|x64.Deploy.0 = Release|x64
		{C7B64F85-FAEC-443C-8BC9-7F92AE4B13E7}.Release|x86.ActiveCfg = Release|x86
		{C7B64F85-FAEC-443C-8BC9-7F92AE4B13E7}.Release|x86.Build.0 = Release|x86
		{C7B64F85-FAEC-443C-8BC9-7F92AE4B13E7}.Release|x86.Deploy.0 = Release|x86
		{6FDE515F-6577-4664-8D10-3C8C3513D144}.Ad-Hoc|Any CPU.ActiveCfg = Debug|Any CPU
		{6FDE515F-6577-4664-8D10-3C8C3513D144}.Ad-Hoc|Any CPU.Build.0 = Debug|Any CPU
		{6FDE515F-6577-4664-8D10-3C8C3513D144}.Ad-Hoc|Any CPU.Deploy.0 = Debug|Any CPU
		{6FDE515F-6577-4664-8D10-3C8C3513D144}.Ad-Hoc|ARM.ActiveCfg = Debug|Any CPU
		{6FDE515F-6577-4664-8D10-3C8C3513D144}.Ad-Hoc|ARM.Build.0 = Debug|Any CPU
		{6FDE515F-6577-4664-8D10-3C8C3513D144}.Ad-Hoc|ARM.Deploy.0 = Debug|Any CPU
		{6FDE515F-6577-4664-8D10-3C8C3513D144}.Ad-Hoc|iPhone.ActiveCfg = Debug|Any CPU
		{6FDE515F-6577-4664-8D10-3C8C3513D144}.Ad-Hoc|iPhone.Build.0 = Debug|Any CPU
		{6FDE515F-6577-4664-8D10-3C8C3513D144}.Ad-Hoc|iPhone.Deploy.0 = Debug|Any CPU
		{6FDE515F-6577-4664-8D10-3C8C3513D144}.Ad-Hoc|iPhoneSimulator.ActiveCfg = Debug|Any CPU
		{6FDE515F-6577-4664-8D10-3C8C3513D144}.Ad-Hoc|iPhoneSimulator.Build.0 = Debug|Any CPU
		{6FDE515F-6577-4664-8D10-3C8C3513D144}.Ad-Hoc|iPhoneSimulator.Deploy.0 = Debug|Any CPU
		{6FDE515F-6577-4664-8D10-3C8C3513D144}.Ad-Hoc|x64.ActiveCfg = Debug|Any CPU
		{6FDE515F-6577-4664-8D10-3C8C3513D144}.Ad-Hoc|x64.Build.0 = Debug|Any CPU
		{6FDE515F-6577-4664-8D10-3C8C3513D144}.Ad-Hoc|x64.Deploy.0 = Debug|Any CPU
		{6FDE515F-6577-4664-8D10-3C8C3513D144}.Ad-Hoc|x86.ActiveCfg = Debug|Any CPU
		{6FDE515F-6577-4664-8D10-3C8C3513D144}.Ad-Hoc|x86.Build.0 = Debug|Any CPU
		{6FDE515F-6577-4664-8D10-3C8C3513D144}.Ad-Hoc|x86.Deploy.0 = Debug|Any CPU
		{6FDE515F-6577-4664-8D10-3C8C3513D144}.AppStore|Any CPU.ActiveCfg = Debug|Any CPU
		{6FDE515F-6577-4664-8D10-3C8C3513D144}.AppStore|Any CPU.Build.0 = Debug|Any CPU
		{6FDE515F-6577-4664-8D10-3C8C3513D144}.AppStore|Any CPU.Deploy.0 = Debug|Any CPU
		{6FDE515F-6577-4664-8D10-3C8C3513D144}.AppStore|ARM.ActiveCfg = Debug|Any CPU
		{6FDE515F-6577-4664-8D10-3C8C3513D144}.AppStore|ARM.Build.0 = Debug|Any CPU
		{6FDE515F-6577-4664-8D10-3C8C3513D144}.AppStore|ARM.Deploy.0 = Debug|Any CPU
		{6FDE515F-6577-4664-8D10-3C8C3513D144}.AppStore|iPhone.ActiveCfg = Debug|Any CPU
		{6FDE515F-6577-4664-8D10-3C8C3513D144}.AppStore|iPhone.Build.0 = Debug|Any CPU
		{6FDE515F-6577-4664-8D10-3C8C3513D144}.AppStore|iPhone.Deploy.0 = Debug|Any CPU
		{6FDE515F-6577-4664-8D10-3C8C3513D144}.AppStore|iPhoneSimulator.ActiveCfg = Debug|Any CPU
		{6FDE515F-6577-4664-8D10-3C8C3513D144}.AppStore|iPhoneSimulator.Build.0 = Debug|Any CPU
		{6FDE515F-6577-4664-8D10-3C8C3513D144}.AppStore|iPhoneSimulator.Deploy.0 = Debug|Any CPU
		{6FDE515F-6577-4664-8D10-3C8C3513D144}.AppStore|x64.ActiveCfg = Debug|Any CPU
		{6FDE515F-6577-4664-8D10-3C8C3513D144}.AppStore|x64.Build.0 = Debug|Any CPU
		{6FDE515F-6577-4664-8D10-3C8C3513D144}.AppStore|x64.Deploy.0 = Debug|Any CPU
		{6FDE515F-6577-4664-8D10-3C8C3513D144}.AppStore|x86.ActiveCfg = Debug|Any CPU
		{6FDE515F-6577-4664-8D10-3C8C3513D144}.AppStore|x86.Build.0 = Debug|Any CPU
		{6FDE515F-6577-4664-8D10-3C8C3513D144}.AppStore|x86.Deploy.0 = Debug|Any CPU
		{6FDE515F-6577-4664-8D10-3C8C3513D144}.Debug|Any CPU.ActiveCfg = Debug|Any CPU
		{6FDE515F-6577-4664-8D10-3C8C3513D144}.Debug|Any CPU.Build.0 = Debug|Any CPU
		{6FDE515F-6577-4664-8D10-3C8C3513D144}.Debug|Any CPU.Deploy.0 = Debug|Any CPU
		{6FDE515F-6577-4664-8D10-3C8C3513D144}.Debug|ARM.ActiveCfg = Debug|Any CPU
		{6FDE515F-6577-4664-8D10-3C8C3513D144}.Debug|ARM.Build.0 = Debug|Any CPU
		{6FDE515F-6577-4664-8D10-3C8C3513D144}.Debug|ARM.Deploy.0 = Debug|Any CPU
		{6FDE515F-6577-4664-8D10-3C8C3513D144}.Debug|iPhone.ActiveCfg = Debug|Any CPU
		{6FDE515F-6577-4664-8D10-3C8C3513D144}.Debug|iPhone.Build.0 = Debug|Any CPU
		{6FDE515F-6577-4664-8D10-3C8C3513D144}.Debug|iPhone.Deploy.0 = Debug|Any CPU
		{6FDE515F-6577-4664-8D10-3C8C3513D144}.Debug|iPhoneSimulator.ActiveCfg = Debug|Any CPU
		{6FDE515F-6577-4664-8D10-3C8C3513D144}.Debug|iPhoneSimulator.Build.0 = Debug|Any CPU
		{6FDE515F-6577-4664-8D10-3C8C3513D144}.Debug|iPhoneSimulator.Deploy.0 = Debug|Any CPU
		{6FDE515F-6577-4664-8D10-3C8C3513D144}.Debug|x64.ActiveCfg = Debug|Any CPU
		{6FDE515F-6577-4664-8D10-3C8C3513D144}.Debug|x64.Build.0 = Debug|Any CPU
		{6FDE515F-6577-4664-8D10-3C8C3513D144}.Debug|x64.Deploy.0 = Debug|Any CPU
		{6FDE515F-6577-4664-8D10-3C8C3513D144}.Debug|x86.ActiveCfg = Debug|Any CPU
		{6FDE515F-6577-4664-8D10-3C8C3513D144}.Debug|x86.Build.0 = Debug|Any CPU
		{6FDE515F-6577-4664-8D10-3C8C3513D144}.Debug|x86.Deploy.0 = Debug|Any CPU
		{6FDE515F-6577-4664-8D10-3C8C3513D144}.Release|Any CPU.ActiveCfg = Release|Any CPU
		{6FDE515F-6577-4664-8D10-3C8C3513D144}.Release|Any CPU.Build.0 = Release|Any CPU
		{6FDE515F-6577-4664-8D10-3C8C3513D144}.Release|Any CPU.Deploy.0 = Release|Any CPU
		{6FDE515F-6577-4664-8D10-3C8C3513D144}.Release|ARM.ActiveCfg = Release|Any CPU
		{6FDE515F-6577-4664-8D10-3C8C3513D144}.Release|ARM.Build.0 = Release|Any CPU
		{6FDE515F-6577-4664-8D10-3C8C3513D144}.Release|ARM.Deploy.0 = Release|Any CPU
		{6FDE515F-6577-4664-8D10-3C8C3513D144}.Release|iPhone.ActiveCfg = Release|Any CPU
		{6FDE515F-6577-4664-8D10-3C8C3513D144}.Release|iPhone.Build.0 = Release|Any CPU
		{6FDE515F-6577-4664-8D10-3C8C3513D144}.Release|iPhone.Deploy.0 = Release|Any CPU
		{6FDE515F-6577-4664-8D10-3C8C3513D144}.Release|iPhoneSimulator.ActiveCfg = Release|Any CPU
		{6FDE515F-6577-4664-8D10-3C8C3513D144}.Release|iPhoneSimulator.Build.0 = Release|Any CPU
		{6FDE515F-6577-4664-8D10-3C8C3513D144}.Release|iPhoneSimulator.Deploy.0 = Release|Any CPU
		{6FDE515F-6577-4664-8D10-3C8C3513D144}.Release|x64.ActiveCfg = Release|Any CPU
		{6FDE515F-6577-4664-8D10-3C8C3513D144}.Release|x64.Build.0 = Release|Any CPU
		{6FDE515F-6577-4664-8D10-3C8C3513D144}.Release|x64.Deploy.0 = Release|Any CPU
		{6FDE515F-6577-4664-8D10-3C8C3513D144}.Release|x86.ActiveCfg = Release|Any CPU
		{6FDE515F-6577-4664-8D10-3C8C3513D144}.Release|x86.Build.0 = Release|Any CPU
		{6FDE515F-6577-4664-8D10-3C8C3513D144}.Release|x86.Deploy.0 = Release|Any CPU
	EndGlobalSection
	GlobalSection(SolutionProperties) = preSolution
		HideSolutionNode = FALSE
	EndGlobalSection
	GlobalSection(ExtensibilityGlobals) = postSolution
		SolutionGuid = {61AF7BA9-ED26-4C4B-B8FE-35B96AC32499}
	EndGlobalSection
EndGlobal
